
Microsoft Visual Studio Solution File, Format Version 12.00
# Visual Studio Version 17
VisualStudioVersion = 17.0.31919.166
MinimumVisualStudioVersion = 10.0.40219.1
Project("{9A19103F-16F7-4668-BE54-9A1E7A4F7556}") = "SoftwareRenderer", "SoftwareRenderer\SoftwareRenderer.csproj", "{89B035C5-4FAB-48EA-83FA-97A65DDAC177}"
EndProject
Project("{FAE04EC0-301F-11D3-BF4B-00C04F79EFBC}") = "Sandbox", "Sandbox\Sandbox.csproj", "{AC12F272-10F5-4AD8-8C88-FD098C04AAC4}"
EndProject
Global
	GlobalSection(SolutionConfigurationPlatforms) = preSolution
		Debug|Any CPU = Debug|Any CPU
		Debug|x64 = Debug|x64
		Debug|x86 = Debug|x86
		Release|Any CPU = Release|Any CPU
		Release|x64 = Release|x64
		Release|x86 = Release|x86
	EndGlobalSection
	GlobalSection(ProjectConfigurationPlatforms) = postSolution
		{89B035C5-4FAB-48EA-83FA-97A65DDAC177}.Debug|Any CPU.ActiveCfg = Debug|Any CPU
		{89B035C5-4FAB-48EA-83FA-97A65DDAC177}.Debug|Any CPU.Build.0 = Debug|Any CPU
		{89B035C5-4FAB-48EA-83FA-97A65DDAC177}.Debug|x64.ActiveCfg = Debug|Any CPU
		{89B035C5-4FAB-48EA-83FA-97A65DDAC177}.Debug|x64.Build.0 = Debug|Any CPU
		{89B035C5-4FAB-48EA-83FA-97A65DDAC177}.Debug|x86.ActiveCfg = Debug|Any CPU
		{89B035C5-4FAB-48EA-83FA-97A65DDAC177}.Debug|x86.Build.0 = Debug|Any CPU
		{89B035C5-4FAB-48EA-83FA-97A65DDAC177}.Release|Any CPU.ActiveCfg = Release|Any CPU
		{89B035C5-4FAB-48EA-83FA-97A65DDAC177}.Release|Any CPU.Build.0 = Release|Any CPU
		{89B035C5-4FAB-48EA-83FA-97A65DDAC177}.Release|x64.ActiveCfg = Release|Any CPU
		{89B035C5-4FAB-48EA-83FA-97A65DDAC177}.Release|x64.Build.0 = Release|Any CPU
		{89B035C5-4FAB-48EA-83FA-97A65DDAC177}.Release|x86.ActiveCfg = Release|Any CPU
		{89B035C5-4FAB-48EA-83FA-97A65DDAC177}.Release|x86.Build.0 = Release|Any CPU
		{AC12F272-10F5-4AD8-8C88-FD098C04AAC4}.Debug|Any CPU.ActiveCfg = Debug|Any CPU
		{AC12F272-10F5-4AD8-8C88-FD098C04AAC4}.Debug|Any CPU.Build.0 = Debug|Any CPU
		{AC12F272-10F5-4AD8-8C88-FD098C04AAC4}.Debug|x64.ActiveCfg = Debug|Any CPU
		{AC12F272-10F5-4AD8-8C88-FD098C04AAC4}.Debug|x64.Build.0 = Debug|Any CPU
		{AC12F272-10F5-4AD8-8C88-FD098C04AAC4}.Debug|x86.ActiveCfg = Debug|Any CPU
		{AC12F272-10F5-4AD8-8C88-FD098C04AAC4}.Debug|x86.Build.0 = Debug|Any CPU
		{AC12F272-10F5-4AD8-8C88-FD098C04AAC4}.Release|Any CPU.ActiveCfg = Release|Any CPU
		{AC12F272-10F5-4AD8-8C88-FD098C04AAC4}.Release|Any CPU.Build.0 = Release|Any CPU
		{AC12F272-10F5-4AD8-8C88-FD098C04AAC4}.Release|x64.ActiveCfg = Release|Any CPU
		{AC12F272-10F5-4AD8-8C88-FD098C04AAC4}.Release|x64.Build.0 = Release|Any CPU
		{AC12F272-10F5-4AD8-8C88-FD098C04AAC4}.Release|x86.ActiveCfg = Release|Any CPU
		{AC12F272-10F5-4AD8-8C88-FD098C04AAC4}.Release|x86.Build.0 = Release|Any CPU
	EndGlobalSection
	GlobalSection(SolutionProperties) = preSolution
		HideSolutionNode = FALSE
	EndGlobalSection
	GlobalSection(ExtensibilityGlobals) = postSolution
		SolutionGuid = {CBC053A3-08C1-40C2-8972-FFE80DDF9D5B}
	EndGlobalSection
EndGlobal
